// !$*UTF8*$!
{
	archiveVersion = 1;
	classes = {
	};
	objectVersion = 46;
	objects = {

/* Begin PBXBuildFile section */
		1187F9F81CC92968001F2943 /* AppDelegate.swift in Sources */ = {isa = PBXBuildFile; fileRef = 1187F9F71CC92968001F2943 /* AppDelegate.swift */; };
		1187F9FA1CC92968001F2943 /* ViewController.swift in Sources */ = {isa = PBXBuildFile; fileRef = 1187F9F91CC92968001F2943 /* ViewController.swift */; };
		1187F9FD1CC92968001F2943 /* Main.storyboard in Resources */ = {isa = PBXBuildFile; fileRef = 1187F9FB1CC92968001F2943 /* Main.storyboard */; };
		1187F9FF1CC92968001F2943 /* Assets.xcassets in Resources */ = {isa = PBXBuildFile; fileRef = 1187F9FE1CC92968001F2943 /* Assets.xcassets */; };
		1187FA021CC92968001F2943 /* LaunchScreen.storyboard in Resources */ = {isa = PBXBuildFile; fileRef = 1187FA001CC92968001F2943 /* LaunchScreen.storyboard */; };
/* End PBXBuildFile section */

/* Begin PBXFileReference section */
		1187F9F41CC92968001F2943 /* UITableViewBlurEffect.app */ = {isa = PBXFileReference; explicitFileType = wrapper.application; includeInIndex = 0; path = UITableViewBlurEffect.app; sourceTree = BUILT_PRODUCTS_DIR; };
		1187F9F71CC92968001F2943 /* AppDelegate.swift */ = {isa = PBXFileReference; lastKnownFileType = sourcecode.swift; path = AppDelegate.swift; sourceTree = "<group>"; };
		1187F9F91CC92968001F2943 /* ViewController.swift */ = {isa = PBXFileReference; lastKnownFileType = sourcecode.swift; path = ViewController.swift; sourceTree = "<group>"; };
		1187F9FC1CC92968001F2943 /* Base */ = {isa = PBXFileReference; lastKnownFileType = file.storyboard; name = Base; path = Base.lproj/Main.storyboard; sourceTree = "<group>"; };
		1187F9FE1CC92968001F2943 /* Assets.xcassets */ = {isa = PBXFileReference; lastKnownFileType = folder.assetcatalog; path = Assets.xcassets; sourceTree = "<group>"; };
		1187FA011CC92968001F2943 /* Base */ = {isa = PBXFileReference; lastKnownFileType = file.storyboard; name = Base; path = Base.lproj/LaunchScreen.storyboard; sourceTree = "<group>"; };
		1187FA031CC92968001F2943 /* Info.plist */ = {isa = PBXFileReference; lastKnownFileType = text.plist.xml; path = Info.plist; sourceTree = "<group>"; };
/* End PBXFileReference section */

/* Begin PBXFrameworksBuildPhase section */
		1187F9F11CC92968001F2943 /* Frameworks */ = {
			isa = PBXFrameworksBuildPhase;
			buildActionMask = 2147483647;
			files = (
			);
			runOnlyForDeploymentPostprocessing = 0;
		};
/* End PBXFrameworksBuildPhase section */

/* Begin PBXGroup section */
		1187F9EB1CC92968001F2943 = {
			isa = PBXGroup;
			children = (
				1187F9F61CC92968001F2943 /* UITableViewBlurEffect */,
				1187F9F51CC92968001F2943 /* Products */,
			);
			sourceTree = "<group>";
		};
		1187F9F51CC92968001F2943 /* Products */ = {
			isa = PBXGroup;
			children = (
				1187F9F41CC92968001F2943 /* UITableViewBlurEffect.app */,
			);
			name = Products;
			sourceTree = "<group>";
		};
		1187F9F61CC92968001F2943 /* UITableViewBlurEffect */ = {
			isa = PBXGroup;
			children = (
				1187F9F71CC92968001F2943 /* AppDelegate.swift */,
				1187F9F91CC92968001F2943 /* ViewController.swift */,
				1187F9FB1CC92968001F2943 /* Main.storyboard */,
				1187F9FE1CC92968001F2943 /* Assets.xcassets */,
				1187FA001CC92968001F2943 /* LaunchScreen.storyboard */,
				1187FA031CC92968001F2943 /* Info.plist */,
			);
			path = UITableViewBlurEffect;
			sourceTree = "<group>";
		};
/* End PBXGroup section */

/* Begin PBXNativeTarget section */
		1187F9F31CC92968001F2943 /* UITableViewBlurEffect */ = {
			isa = PBXNativeTarget;
			buildConfigurationList = 1187FA061CC92968001F2943 /* Build configuration list for PBXNativeTarget "UITableViewBlurEffect" */;
			buildPhases = (
				1187F9F01CC92968001F2943 /* Sources */,
				1187F9F11CC92968001F2943 /* Frameworks */,
				1187F9F21CC92968001F2943 /* Resources */,
			);
			buildRules = (
			);
			dependencies = (
			);
			name = UITableViewBlurEffect;
			productName = UITableViewBlurEffect;
			productReference = 1187F9F41CC92968001F2943 /* UITableViewBlurEffect.app */;
			productType = "com.apple.product-type.application";
		};
/* End PBXNativeTarget section */

/* Begin PBXProject section */
		1187F9EC1CC92968001F2943 /* Project object */ = {
			isa = PBXProject;
			attributes = {
				LastSwiftUpdateCheck = 0730;
				LastUpgradeCheck = 0730;
				ORGANIZATIONNAME = LawrenceM;
				TargetAttributes = {
					1187F9F31CC92968001F2943 = {
						CreatedOnToolsVersion = 7.3;
					};
				};
			};
			buildConfigurationList = 1187F9EF1CC92968001F2943 /* Build configuration list for PBXProject "UITableViewBlurEffect" */;
			compatibilityVersion = "Xcode 3.2";
			developmentRegion = English;
			hasScannedForEncodings = 0;
			knownRegions = (
				en,
				Base,
			);
			mainGroup = 1187F9EB1CC92968001F2943;
			productRefGroup = 1187F9F51CC92968001F2943 /* Products */;
			projectDirPath = "";
			projectRoot = "";
			targets = (
				1187F9F31CC92968001F2943 /* UITableViewBlurEffect */,
			);
		};
/* End PBXProject section */

/* Begin PBXResourcesBuildPhase section */
		1187F9F21CC92968001F2943 /* Resources */ = {
			isa = PBXResourcesBuildPhase;
			buildActionMask = 2147483647;
			files = (
				1187FA021CC92968001F2943 /* LaunchScreen.storyboard in Resources */,
				1187F9FF1CC92968001F2943 /* Assets.xcassets in Resources */,
				1187F9FD1CC92968001F2943 /* Main.storyboard in Resources */,
			);
			runOnlyForDeploymentPostprocessing = 0;
		};
/* End PBXResourcesBuildPhase section */

/* Begin PBXSourcesBuildPhase section */
		1187F9F01CC92968001F2943 /* Sources */ = {
			isa = PBXSourcesBuildPhase;
			buildActionMask = 2147483647;
			files = (
				1187F9FA1CC92968001F2943 /* ViewController.swift in Sources */,
				1187F9F81CC92968001F2943 /* AppDelegate.swift in Sources */,
			);
			runOnlyForDeploymentPostprocessing = 0;
		};
/* End PBXSourcesBuildPhase section */

/* Begin PBXVariantGroup section */
		1187F9FB1CC92968001F2943 /* Main.storyboard */ = {
			isa = PBXVariantGroup;
			children = (
				1187F9FC1CC92968001F2943 /* Base */,
			);
			name = Main.storyboard;
			sourceTree = "<group>";
		};
		1187FA001CC92968001F2943 /* LaunchScreen.storyboard */ = {
			isa = PBXVariantGroup;
			children = (
				1187FA011CC92968001F2943 /* Base */,
			);
			name = LaunchScreen.storyboard;
			sourceTree = "<group>";
		};
/* End PBXVariantGroup section */

/* Begin XCBuildConfiguration section */
		1187FA041CC92968001F2943 /* Debug */ = {
			isa = XCBuildConfiguration;
			buildSettings = {
				ALWAYS_SEARCH_USER_PATHS = NO;
				CLANG_ANALYZER_NONNULL = YES;
				CLANG_CXX_LANGUAGE_STANDARD = "gnu++0x";
				CLANG_CXX_LIBRARY = "libc++";
				CLANG_ENABLE_MODULES = YES;
				CLANG_ENABLE_OBJC_ARC = YES;
				CLANG_WARN_BOOL_CONVERSION = YES;
				CLANG_WARN_CONSTANT_CONVERSION = YES;
				CLANG_WARN_DIRECT_OBJC_ISA_USAGE = YES_ERROR;
				CLANG_WARN_EMPTY_BODY = YES;
				CLANG_WARN_ENUM_CONVERSION = YES;
				CLANG_WARN_INT_CONVERSION = YES;
				CLANG_WARN_OBJC_ROOT_CLASS = YES_ERROR;
				CLANG_WARN_UNREACHABLE_CODE = YES;
				CLANG_WARN__DUPLICATE_METHOD_MATCH = YES;
				"CODE_SIGN_IDENTITY[sdk=iphoneos*]" = "iPhone Developer";
				COPY_PHASE_STRIP = NO;
				DEBUG_INFORMATION_FORMAT = dwarf;
				ENABLE_STRICT_OBJC_MSGSEND = YES;
				ENABLE_TESTABILITY = YES;
				GCC_C_LANGUAGE_STANDARD = gnu99;
				GCC_DYNAMIC_NO_PIC = NO;
				GCC_NO_COMMON_BLOCKS = YES;
				GCC_OPTIMIZATION_LEVEL = 0;
				GCC_PREPROCESSOR_DEFINITIONS = (
					"DEBUG=1",
					"$(inherited)",
				);
				GCC_WARN_64_TO_32_BIT_CONVERSION = YES;
				GCC_WARN_ABOUT_RETURN_TYPE = YES_ERROR;
				GCC_WARN_UNDECLARED_SELECTOR = YES;
				GCC_WARN_UNINITIALIZED_AUTOS = YES_AGGRESSIVE;
				GCC_WARN_UNUSED_FUNCTION = YES;
				GCC_WARN_UNUSED_VARIABLE = YES;
				IPHONEOS_DEPLOYMENT_TARGET = 9.3;
				MTL_ENABLE_DEBUG_INFO = YES;
				ONLY_ACTIVE_ARCH = YES;
				SDKROOT = iphoneos;
				SWIFT_OPTIMIZATION_LEVEL = "-Onone";
				TARGETED_DEVICE_FAMILY = "1,2";
			};
			name = Debug;
		};
		1187FA051CC92968001F2943 /* Release */ = {
			isa = XCBuildConfiguration;
			buildSettings = {
				ALWAYS_SEARCH_USER_PATHS = NO;
				CLANG_ANALYZER_NONNULL = YES;
				CLANG_CXX_LANGUAGE_STANDARD = "gnu++0x";
				CLANG_CXX_LIBRARY = "libc++";
				CLANG_ENABLE_MODULES = YES;
				CLANG_ENABLE_OBJC_ARC = YES;
				CLANG_WARN_BOOL_CONVERSION = YES;
				CLANG_WARN_CONSTANT_CONVERSION = YES;
				CLANG_WARN_DIRECT_OBJC_ISA_USAGE = YES_ERROR;
				CLANG_WARN_EMPTY_BODY = YES;
				CLANG_WARN_ENUM_CONVERSION = YES;
				CLANG_WARN_INT_CONVERSION = YES;
				CLANG_WARN_OBJC_ROOT_CLASS = YES_ERROR;
				CLANG_WARN_UNREACHABLE_CODE = YES;
				CLANG_WARN__DUPLICATE_METHOD_MATCH = YES;
				"CODE_SIGN_IDENTITY[sdk=iphoneos*]" = "iPhone Developer";
				COPY_PHASE_STRIP = NO;
				DEBUG_INFORMATION_FORMAT = "dwarf-with-dsym";
				ENABLE_NS_ASSERTIONS = NO;
				ENABLE_STRICT_OBJC_MSGSEND = YES;
				GCC_C_LANGUAGE_STANDARD = gnu99;
				GCC_NO_COMMON_BLOCKS = YES;
				GCC_WARN_64_TO_32_BIT_CONVERSION = YES;
				GCC_WARN_ABOUT_RETURN_TYPE = YES_ERROR;
				GCC_WARN_UNDECLARED_SELECTOR = YES;
				GCC_WARN_UNINITIALIZED_AUTOS = YES_AGGRESSIVE;
				GCC_WARN_UNUSED_FUNCTION = YES;
				GCC_WARN_UNUSED_VARIABLE = YES;
				IPHONEOS_DEPLOYMENT_TARGET = 9.3;
				MTL_ENABLE_DEBUG_INFO = NO;
				SDKROOT = iphoneos;
				TARGETED_DEVICE_FAMILY = "1,2";
				VALIDATE_PRODUCT = YES;
			};
			name = Release;
		};
		1187FA071CC92968001F2943 /* Debug */ = {
			isa = XCBuildConfiguration;
			buildSettings = {
				ASSETCATALOG_COMPILER_APPICON_NAME = AppIcon;
				INFOPLIST_FILE = UITableViewBlurEffect/Info.plist;
				LD_RUNPATH_SEARCH_PATHS = "$(inherited) @executable_path/Frameworks";
				PRODUCT_BUNDLE_IDENTIFIER = com.lawrencem.UITableViewBlurEffect;
				PRODUCT_NAME = "$(TARGET_NAME)";
			};
			name = Debug;
		};
		1187FA081CC92968001F2943 /* Release */ = {
			isa = XCBuildConfiguration;
			buildSettings = {
				ASSETCATALOG_COMPILER_APPICON_NAME = AppIcon;
				INFOPLIST_FILE = UITableViewBlurEffect/Info.plist;
				LD_RUNPATH_SEARCH_PATHS = "$(inherited) @executable_path/Frameworks";
				PRODUCT_BUNDLE_IDENTIFIER = com.lawrencem.UITableViewBlurEffect;
				PRODUCT_NAME = "$(TARGET_NAME)";
			};
			name = Release;
		};
/* End XCBuildConfiguration section */

/* Begin XCConfigurationList section */
		1187F9EF1CC92968001F2943 /* Build configuration list for PBXProject "UITableViewBlurEffect" */ = {
			isa = XCConfigurationList;
			buildConfigurations = (
				1187FA041CC92968001F2943 /* Debug */,
				1187FA051CC92968001F2943 /* Release */,
			);
			defaultConfigurationIsVisible = 0;
			defaultConfigurationName = Release;
		};
		1187FA061CC92968001F2943 /* Build configuration list for PBXNativeTarget "UITableViewBlurEffect" */ = {
			isa = XCConfigurationList;
			buildConfigurations = (
				1187FA071CC92968001F2943 /* Debug */,
				1187FA081CC92968001F2943 /* Release */,
			);
			defaultConfigurationIsVisible = 0;
		};
/* End XCConfigurationList section */
	};
	rootObject = 1187F9EC1CC92968001F2943 /* Project object */;
}
